
Microsoft Visual Studio Solution File, Format Version 12.00
# Visual Studio Version 16
VisualStudioVersion = 16.0.31624.102
MinimumVisualStudioVersion = 10.0.40219.1
Project("{FAE04EC0-301F-11D3-BF4B-00C04F79EFBC}") = "csharp-simple-registration", "csharp-simple-registration\csharp-simple-registration.csproj", "{E97FE4C6-74D9-47BC-8BAD-C1021C8B051C}"
EndProject
Global
	GlobalSection(SolutionConfigurationPlatforms) = preSolution
		Debug|Any CPU = Debug|Any CPU
		Release|Any CPU = Release|Any CPU
	EndGlobalSection
	GlobalSection(ProjectConfigurationPlatforms) = postSolution
		{E97FE4C6-74D9-47BC-8BAD-C1021C8B051C}.Debug|Any CPU.ActiveCfg = Debug|Any CPU
		{E97FE4C6-74D9-47BC-8BAD-C1021C8B051C}.Debug|Any CPU.Build.0 = Debug|Any CPU
		{E97FE4C6-74D9-47BC-8BAD-C1021C8B051C}.Release|Any CPU.ActiveCfg = Release|Any CPU
		{E97FE4C6-74D9-47BC-8BAD-C1021C8B051C}.Release|Any CPU.Build.0 = Release|Any CPU
	EndGlobalSection
	GlobalSection(SolutionProperties) = preSolution
		HideSolutionNode = FALSE
	EndGlobalSection
	GlobalSection(ExtensibilityGlobals) = postSolution
		SolutionGuid = {3EF9A2A0-E1BA-4EE7-BADD-00DD07FDE6E6}
	EndGlobalSection
EndGlobal
